
Microsoft Visual Studio Solution File, Format Version 12.00
# Visual Studio Version 17
VisualStudioVersion = 17.8.34309.116
MinimumVisualStudioVersion = 10.0.40219.1
Project("{FFF2D668-A41D-41C5-BDF5-0AE247B3E54F}") = "FreeCICD", "FreeCICD\FreeCICD.csproj", "{5290A3C0-712A-43D6-9BBC-4845DCFF5372}"
EndProject
Project("{FFF2D668-A41D-41C5-BDF5-0AE247B3E54F}") = "FreeCICD.Client", "FreeCICD.Client\FreeCICD.Client.csproj", "{69862345-A2D5-4619-A2D2-60FC99A0F779}"
EndProject
Project("{FFF2D668-A41D-41C5-BDF5-0AE247B3E54F}") = "FreeCICD.DataAccess", "FreeCICD.DataAccess\FreeCICD.DataAccess.csproj", "{8393E52B-04BB-409A-9123-B0C5F110726F}"
EndProject
Project("{FFF2D668-A41D-41C5-BDF5-0AE247B3E54F}") = "FreeCICD.DataObjects", "FreeCICD.DataObjects\FreeCICD.DataObjects.csproj", "{1D83750D-283A-4C50-928A-8A6B494F6335}"
EndProject
Project("{FFF2D668-A41D-41C5-BDF5-0AE247B3E54F}") = "FreeCICD.EFModels", "FreeCICD.EFModels\FreeCICD.EFModels.csproj", "{1DCFDA28-6803-4AD6-92C1-A91BD7880D79}"
EndProject
Project("{2150E333-8FDC-42A3-9474-1A3956D46DE8}") = "Solution Items", "Solution Items", "{5B397AE6-8A0E-49AE-8B29-813B5B196368}"
	ProjectSection(SolutionItems) = preProject
		.editorconfig = .editorconfig
		.gitignore = .gitignore
		LICENSE = LICENSE
		README.md = README.md
		Remove Modules from FreeFreeCICD.exe = Remove Modules from FreeFreeCICD.exe
		Rename FreeFreeCICD.exe = Rename FreeFreeCICD.exe
	EndProjectSection
EndProject
Project("{FFF2D668-A41D-41C5-BDF5-0AE247B3E54F}") = "FreeCICD.Plugins", "FreeCICD.Plugins\FreeCICD.Plugins.csproj", "{FBADB23B-D987-4777-B25D-63AFF90D446A}"
EndProject
Global
	GlobalSection(SolutionConfigurationPlatforms) = preSolution
		Debug|Any CPU = Debug|Any CPU
		Release|Any CPU = Release|Any CPU
	EndGlobalSection
	GlobalSection(ProjectConfigurationPlatforms) = postSolution
		{5290A3C0-712A-43D6-9BBC-4845DCFF5372}.Debug|Any CPU.ActiveCfg = Debug|Any CPU
		{5290A3C0-712A-43D6-9BBC-4845DCFF5372}.Debug|Any CPU.Build.0 = Debug|Any CPU
		{5290A3C0-712A-43D6-9BBC-4845DCFF5372}.Release|Any CPU.ActiveCfg = Release|Any CPU
		{5290A3C0-712A-43D6-9BBC-4845DCFF5372}.Release|Any CPU.Build.0 = Release|Any CPU
		{69862345-A2D5-4619-A2D2-60FC99A0F779}.Debug|Any CPU.ActiveCfg = Debug|Any CPU
		{69862345-A2D5-4619-A2D2-60FC99A0F779}.Debug|Any CPU.Build.0 = Debug|Any CPU
		{69862345-A2D5-4619-A2D2-60FC99A0F779}.Release|Any CPU.ActiveCfg = Release|Any CPU
		{69862345-A2D5-4619-A2D2-60FC99A0F779}.Release|Any CPU.Build.0 = Release|Any CPU
		{8393E52B-04BB-409A-9123-B0C5F110726F}.Debug|Any CPU.ActiveCfg = Debug|Any CPU
		{8393E52B-04BB-409A-9123-B0C5F110726F}.Debug|Any CPU.Build.0 = Debug|Any CPU
		{8393E52B-04BB-409A-9123-B0C5F110726F}.Release|Any CPU.ActiveCfg = Release|Any CPU
		{8393E52B-04BB-409A-9123-B0C5F110726F}.Release|Any CPU.Build.0 = Release|Any CPU
		{1D83750D-283A-4C50-928A-8A6B494F6335}.Debug|Any CPU.ActiveCfg = Debug|Any CPU
		{1D83750D-283A-4C50-928A-8A6B494F6335}.Debug|Any CPU.Build.0 = Debug|Any CPU
		{1D83750D-283A-4C50-928A-8A6B494F6335}.Release|Any CPU.ActiveCfg = Release|Any CPU
		{1D83750D-283A-4C50-928A-8A6B494F6335}.Release|Any CPU.Build.0 = Release|Any CPU
		{1DCFDA28-6803-4AD6-92C1-A91BD7880D79}.Debug|Any CPU.ActiveCfg = Debug|Any CPU
		{1DCFDA28-6803-4AD6-92C1-A91BD7880D79}.Debug|Any CPU.Build.0 = Debug|Any CPU
		{1DCFDA28-6803-4AD6-92C1-A91BD7880D79}.Release|Any CPU.ActiveCfg = Release|Any CPU
		{1DCFDA28-6803-4AD6-92C1-A91BD7880D79}.Release|Any CPU.Build.0 = Release|Any CPU
		{FBADB23B-D987-4777-B25D-63AFF90D446A}.Debug|Any CPU.ActiveCfg = Debug|Any CPU
		{FBADB23B-D987-4777-B25D-63AFF90D446A}.Debug|Any CPU.Build.0 = Debug|Any CPU
		{FBADB23B-D987-4777-B25D-63AFF90D446A}.Release|Any CPU.ActiveCfg = Release|Any CPU
		{FBADB23B-D987-4777-B25D-63AFF90D446A}.Release|Any CPU.Build.0 = Release|Any CPU
	EndGlobalSection
	GlobalSection(SolutionProperties) = preSolution
		HideSolutionNode = FALSE
	EndGlobalSection
	GlobalSection(ExtensibilityGlobals) = postSolution
		SolutionGuid = {C4A59AD0-92A7-475D-A3BC-51E982A9C0FA}
	EndGlobalSection
EndGlobal
