
Microsoft Visual Studio Solution File, Format Version 12.00
# Visual Studio Version 17
VisualStudioVersion = 17.8.34309.116
MinimumVisualStudioVersion = 10.0.40219.1
Project("{2404DB67-D3BA-46AA-AAF1-1023E4A5D04D}") = "FreeCICD", "FreeCICD\FreeCICD.csproj", "{32C8CF6A-DF8C-48DA-9607-6B0F14980FA3}"
EndProject
Project("{2404DB67-D3BA-46AA-AAF1-1023E4A5D04D}") = "FreeCICD.Client", "FreeCICD.Client\FreeCICD.Client.csproj", "{A089BCF9-C2FD-453D-9207-2788FE31B6C4}"
EndProject
Project("{2404DB67-D3BA-46AA-AAF1-1023E4A5D04D}") = "FreeCICD.DataAccess", "FreeCICD.DataAccess\FreeCICD.DataAccess.csproj", "{21F59A10-1D38-4182-AE58-DEB1CB99120E}"
EndProject
Project("{2404DB67-D3BA-46AA-AAF1-1023E4A5D04D}") = "FreeCICD.DataObjects", "FreeCICD.DataObjects\FreeCICD.DataObjects.csproj", "{8D97CD6D-BE9C-47CC-AB36-9D66430A19E2}"
EndProject
Project("{2404DB67-D3BA-46AA-AAF1-1023E4A5D04D}") = "FreeCICD.EFModels", "FreeCICD.EFModels\FreeCICD.EFModels.csproj", "{8180BAC8-6EC1-40D8-AB65-F5C962E33924}"
EndProject
Project("{2150E333-8FDC-42A3-9474-1A3956D46DE8}") = "Solution Items", "Solution Items", "{324E0F06-4F59-43FB-9035-1C3B0E069CE6}"
	ProjectSection(SolutionItems) = preProject
		.editorconfig = .editorconfig
		.gitignore = .gitignore
		LICENSE = LICENSE
		README.md = README.md
		Remove Modules from FreeFreeCICD.exe = Remove Modules from FreeFreeCICD.exe
		Rename FreeFreeCICD.exe = Rename FreeFreeCICD.exe
	EndProjectSection
EndProject
Project("{2404DB67-D3BA-46AA-AAF1-1023E4A5D04D}") = "FreeCICD.Plugins", "FreeCICD.Plugins\FreeCICD.Plugins.csproj", "{96BD6F3B-D6A7-454B-9FC6-9BF721659401}"
EndProject
Global
	GlobalSection(SolutionConfigurationPlatforms) = preSolution
		Debug|Any CPU = Debug|Any CPU
		Release|Any CPU = Release|Any CPU
	EndGlobalSection
	GlobalSection(ProjectConfigurationPlatforms) = postSolution
		{32C8CF6A-DF8C-48DA-9607-6B0F14980FA3}.Debug|Any CPU.ActiveCfg = Debug|Any CPU
		{32C8CF6A-DF8C-48DA-9607-6B0F14980FA3}.Debug|Any CPU.Build.0 = Debug|Any CPU
		{32C8CF6A-DF8C-48DA-9607-6B0F14980FA3}.Release|Any CPU.ActiveCfg = Release|Any CPU
		{32C8CF6A-DF8C-48DA-9607-6B0F14980FA3}.Release|Any CPU.Build.0 = Release|Any CPU
		{A089BCF9-C2FD-453D-9207-2788FE31B6C4}.Debug|Any CPU.ActiveCfg = Debug|Any CPU
		{A089BCF9-C2FD-453D-9207-2788FE31B6C4}.Debug|Any CPU.Build.0 = Debug|Any CPU
		{A089BCF9-C2FD-453D-9207-2788FE31B6C4}.Release|Any CPU.ActiveCfg = Release|Any CPU
		{A089BCF9-C2FD-453D-9207-2788FE31B6C4}.Release|Any CPU.Build.0 = Release|Any CPU
		{21F59A10-1D38-4182-AE58-DEB1CB99120E}.Debug|Any CPU.ActiveCfg = Debug|Any CPU
		{21F59A10-1D38-4182-AE58-DEB1CB99120E}.Debug|Any CPU.Build.0 = Debug|Any CPU
		{21F59A10-1D38-4182-AE58-DEB1CB99120E}.Release|Any CPU.ActiveCfg = Release|Any CPU
		{21F59A10-1D38-4182-AE58-DEB1CB99120E}.Release|Any CPU.Build.0 = Release|Any CPU
		{8D97CD6D-BE9C-47CC-AB36-9D66430A19E2}.Debug|Any CPU.ActiveCfg = Debug|Any CPU
		{8D97CD6D-BE9C-47CC-AB36-9D66430A19E2}.Debug|Any CPU.Build.0 = Debug|Any CPU
		{8D97CD6D-BE9C-47CC-AB36-9D66430A19E2}.Release|Any CPU.ActiveCfg = Release|Any CPU
		{8D97CD6D-BE9C-47CC-AB36-9D66430A19E2}.Release|Any CPU.Build.0 = Release|Any CPU
		{8180BAC8-6EC1-40D8-AB65-F5C962E33924}.Debug|Any CPU.ActiveCfg = Debug|Any CPU
		{8180BAC8-6EC1-40D8-AB65-F5C962E33924}.Debug|Any CPU.Build.0 = Debug|Any CPU
		{8180BAC8-6EC1-40D8-AB65-F5C962E33924}.Release|Any CPU.ActiveCfg = Release|Any CPU
		{8180BAC8-6EC1-40D8-AB65-F5C962E33924}.Release|Any CPU.Build.0 = Release|Any CPU
		{96BD6F3B-D6A7-454B-9FC6-9BF721659401}.Debug|Any CPU.ActiveCfg = Debug|Any CPU
		{96BD6F3B-D6A7-454B-9FC6-9BF721659401}.Debug|Any CPU.Build.0 = Debug|Any CPU
		{96BD6F3B-D6A7-454B-9FC6-9BF721659401}.Release|Any CPU.ActiveCfg = Release|Any CPU
		{96BD6F3B-D6A7-454B-9FC6-9BF721659401}.Release|Any CPU.Build.0 = Release|Any CPU
	EndGlobalSection
	GlobalSection(SolutionProperties) = preSolution
		HideSolutionNode = FALSE
	EndGlobalSection
	GlobalSection(ExtensibilityGlobals) = postSolution
		SolutionGuid = {C4A59AD0-92A7-475D-A3BC-51E982A9C0FA}
	EndGlobalSection
EndGlobal
