
Microsoft Visual Studio Solution File, Format Version 12.00
# Visual Studio Version 17
VisualStudioVersion = 17.8.34309.116
MinimumVisualStudioVersion = 10.0.40219.1
Project("{1BCC652B-A3CB-435F-BC8A-DB21911555A0}") = "FreeLLM", "FreeLLM\FreeLLM.csproj", "{435AA7C9-3D72-496C-AC98-523A31C8FD7D}"
EndProject
Project("{1BCC652B-A3CB-435F-BC8A-DB21911555A0}") = "FreeLLM.Client", "FreeLLM.Client\FreeLLM.Client.csproj", "{FCC1AFA3-72DB-4E9E-B51B-1DBC8C99C35E}"
EndProject
Project("{1BCC652B-A3CB-435F-BC8A-DB21911555A0}") = "FreeLLM.DataAccess", "FreeLLM.DataAccess\FreeLLM.DataAccess.csproj", "{8B15DE9C-991A-4145-BAB3-BD36E3B47650}"
EndProject
Project("{1BCC652B-A3CB-435F-BC8A-DB21911555A0}") = "FreeLLM.DataObjects", "FreeLLM.DataObjects\FreeLLM.DataObjects.csproj", "{CD19609E-0420-48E6-8421-B12DE73C1386}"
EndProject
Project("{1BCC652B-A3CB-435F-BC8A-DB21911555A0}") = "FreeLLM.EFModels", "FreeLLM.EFModels\FreeLLM.EFModels.csproj", "{7FFE611D-80D2-4D30-A786-BA5B2EB369D5}"
EndProject
Project("{2150E333-8FDC-42A3-9474-1A3956D46DE8}") = "Solution Items", "Solution Items", "{C21C5E53-6F29-4F63-8802-2790997D1C94}"
	ProjectSection(SolutionItems) = preProject
		.editorconfig = .editorconfig
		.gitignore = .gitignore
		LICENSE = LICENSE
		README.md = README.md
		Remove Modules from FreeFreeLLM.exe = Remove Modules from FreeFreeLLM.exe
		Rename FreeFreeLLM.exe = Rename FreeFreeLLM.exe
	EndProjectSection
EndProject
Project("{1BCC652B-A3CB-435F-BC8A-DB21911555A0}") = "FreeLLM.Plugins", "FreeLLM.Plugins\FreeLLM.Plugins.csproj", "{4FC45A46-6E0D-403E-935B-E031BAAA129A}"
EndProject
Global
	GlobalSection(SolutionConfigurationPlatforms) = preSolution
		Debug|Any CPU = Debug|Any CPU
		Release|Any CPU = Release|Any CPU
	EndGlobalSection
	GlobalSection(ProjectConfigurationPlatforms) = postSolution
		{435AA7C9-3D72-496C-AC98-523A31C8FD7D}.Debug|Any CPU.ActiveCfg = Debug|Any CPU
		{435AA7C9-3D72-496C-AC98-523A31C8FD7D}.Debug|Any CPU.Build.0 = Debug|Any CPU
		{435AA7C9-3D72-496C-AC98-523A31C8FD7D}.Release|Any CPU.ActiveCfg = Release|Any CPU
		{435AA7C9-3D72-496C-AC98-523A31C8FD7D}.Release|Any CPU.Build.0 = Release|Any CPU
		{FCC1AFA3-72DB-4E9E-B51B-1DBC8C99C35E}.Debug|Any CPU.ActiveCfg = Debug|Any CPU
		{FCC1AFA3-72DB-4E9E-B51B-1DBC8C99C35E}.Debug|Any CPU.Build.0 = Debug|Any CPU
		{FCC1AFA3-72DB-4E9E-B51B-1DBC8C99C35E}.Release|Any CPU.ActiveCfg = Release|Any CPU
		{FCC1AFA3-72DB-4E9E-B51B-1DBC8C99C35E}.Release|Any CPU.Build.0 = Release|Any CPU
		{8B15DE9C-991A-4145-BAB3-BD36E3B47650}.Debug|Any CPU.ActiveCfg = Debug|Any CPU
		{8B15DE9C-991A-4145-BAB3-BD36E3B47650}.Debug|Any CPU.Build.0 = Debug|Any CPU
		{8B15DE9C-991A-4145-BAB3-BD36E3B47650}.Release|Any CPU.ActiveCfg = Release|Any CPU
		{8B15DE9C-991A-4145-BAB3-BD36E3B47650}.Release|Any CPU.Build.0 = Release|Any CPU
		{CD19609E-0420-48E6-8421-B12DE73C1386}.Debug|Any CPU.ActiveCfg = Debug|Any CPU
		{CD19609E-0420-48E6-8421-B12DE73C1386}.Debug|Any CPU.Build.0 = Debug|Any CPU
		{CD19609E-0420-48E6-8421-B12DE73C1386}.Release|Any CPU.ActiveCfg = Release|Any CPU
		{CD19609E-0420-48E6-8421-B12DE73C1386}.Release|Any CPU.Build.0 = Release|Any CPU
		{7FFE611D-80D2-4D30-A786-BA5B2EB369D5}.Debug|Any CPU.ActiveCfg = Debug|Any CPU
		{7FFE611D-80D2-4D30-A786-BA5B2EB369D5}.Debug|Any CPU.Build.0 = Debug|Any CPU
		{7FFE611D-80D2-4D30-A786-BA5B2EB369D5}.Release|Any CPU.ActiveCfg = Release|Any CPU
		{7FFE611D-80D2-4D30-A786-BA5B2EB369D5}.Release|Any CPU.Build.0 = Release|Any CPU
		{4FC45A46-6E0D-403E-935B-E031BAAA129A}.Debug|Any CPU.ActiveCfg = Debug|Any CPU
		{4FC45A46-6E0D-403E-935B-E031BAAA129A}.Debug|Any CPU.Build.0 = Debug|Any CPU
		{4FC45A46-6E0D-403E-935B-E031BAAA129A}.Release|Any CPU.ActiveCfg = Release|Any CPU
		{4FC45A46-6E0D-403E-935B-E031BAAA129A}.Release|Any CPU.Build.0 = Release|Any CPU
	EndGlobalSection
	GlobalSection(SolutionProperties) = preSolution
		HideSolutionNode = FALSE
	EndGlobalSection
	GlobalSection(ExtensibilityGlobals) = postSolution
		SolutionGuid = {C4A59AD0-92A7-475D-A3BC-51E982A9C0FA}
	EndGlobalSection
EndGlobal
