
Microsoft Visual Studio Solution File, Format Version 12.00
# Visual Studio Version 17
VisualStudioVersion = 17.8.34309.116
MinimumVisualStudioVersion = 10.0.40219.1
Project("{C729A95D-A5F4-4DBF-9161-FD2A3FAA9024}") = "FreeManager", "FreeManager\FreeManager.csproj", "{7A67066D-74C5-432A-9613-36DD3AC076C8}"
EndProject
Project("{C729A95D-A5F4-4DBF-9161-FD2A3FAA9024}") = "FreeManager.Client", "FreeManager.Client\FreeManager.Client.csproj", "{2EEF8F5D-1E6D-4237-864B-F19A3E0859C9}"
EndProject
Project("{C729A95D-A5F4-4DBF-9161-FD2A3FAA9024}") = "FreeManager.DataAccess", "FreeManager.DataAccess\FreeManager.DataAccess.csproj", "{0DCDC641-9325-402E-8B30-FAAE991077C8}"
EndProject
Project("{C729A95D-A5F4-4DBF-9161-FD2A3FAA9024}") = "FreeManager.DataObjects", "FreeManager.DataObjects\FreeManager.DataObjects.csproj", "{85B3765B-5C62-4FB1-9AD7-D53A57FDB3CC}"
EndProject
Project("{C729A95D-A5F4-4DBF-9161-FD2A3FAA9024}") = "FreeManager.EFModels", "FreeManager.EFModels\FreeManager.EFModels.csproj", "{C4910885-7EDA-4617-8A6D-E6FE9C9DABC7}"
EndProject
Project("{2150E333-8FDC-42A3-9474-1A3956D46DE8}") = "Solution Items", "Solution Items", "{A3BDB938-E18F-472C-BFDA-1DB4D86EA6AE}"
	ProjectSection(SolutionItems) = preProject
		.editorconfig = .editorconfig
		.gitignore = .gitignore
		LICENSE = LICENSE
		README.md = README.md
		Remove Modules from FreeFreeManager.exe = Remove Modules from FreeFreeManager.exe
		Rename FreeFreeManager.exe = Rename FreeFreeManager.exe
	EndProjectSection
EndProject
Project("{C729A95D-A5F4-4DBF-9161-FD2A3FAA9024}") = "FreeManager.Plugins", "FreeManager.Plugins\FreeManager.Plugins.csproj", "{78FBC862-6EFA-4165-8CB6-DEE08EE36C31}"
EndProject
Global
	GlobalSection(SolutionConfigurationPlatforms) = preSolution
		Debug|Any CPU = Debug|Any CPU
		Release|Any CPU = Release|Any CPU
	EndGlobalSection
	GlobalSection(ProjectConfigurationPlatforms) = postSolution
		{7A67066D-74C5-432A-9613-36DD3AC076C8}.Debug|Any CPU.ActiveCfg = Debug|Any CPU
		{7A67066D-74C5-432A-9613-36DD3AC076C8}.Debug|Any CPU.Build.0 = Debug|Any CPU
		{7A67066D-74C5-432A-9613-36DD3AC076C8}.Release|Any CPU.ActiveCfg = Release|Any CPU
		{7A67066D-74C5-432A-9613-36DD3AC076C8}.Release|Any CPU.Build.0 = Release|Any CPU
		{2EEF8F5D-1E6D-4237-864B-F19A3E0859C9}.Debug|Any CPU.ActiveCfg = Debug|Any CPU
		{2EEF8F5D-1E6D-4237-864B-F19A3E0859C9}.Debug|Any CPU.Build.0 = Debug|Any CPU
		{2EEF8F5D-1E6D-4237-864B-F19A3E0859C9}.Release|Any CPU.ActiveCfg = Release|Any CPU
		{2EEF8F5D-1E6D-4237-864B-F19A3E0859C9}.Release|Any CPU.Build.0 = Release|Any CPU
		{0DCDC641-9325-402E-8B30-FAAE991077C8}.Debug|Any CPU.ActiveCfg = Debug|Any CPU
		{0DCDC641-9325-402E-8B30-FAAE991077C8}.Debug|Any CPU.Build.0 = Debug|Any CPU
		{0DCDC641-9325-402E-8B30-FAAE991077C8}.Release|Any CPU.ActiveCfg = Release|Any CPU
		{0DCDC641-9325-402E-8B30-FAAE991077C8}.Release|Any CPU.Build.0 = Release|Any CPU
		{85B3765B-5C62-4FB1-9AD7-D53A57FDB3CC}.Debug|Any CPU.ActiveCfg = Debug|Any CPU
		{85B3765B-5C62-4FB1-9AD7-D53A57FDB3CC}.Debug|Any CPU.Build.0 = Debug|Any CPU
		{85B3765B-5C62-4FB1-9AD7-D53A57FDB3CC}.Release|Any CPU.ActiveCfg = Release|Any CPU
		{85B3765B-5C62-4FB1-9AD7-D53A57FDB3CC}.Release|Any CPU.Build.0 = Release|Any CPU
		{C4910885-7EDA-4617-8A6D-E6FE9C9DABC7}.Debug|Any CPU.ActiveCfg = Debug|Any CPU
		{C4910885-7EDA-4617-8A6D-E6FE9C9DABC7}.Debug|Any CPU.Build.0 = Debug|Any CPU
		{C4910885-7EDA-4617-8A6D-E6FE9C9DABC7}.Release|Any CPU.ActiveCfg = Release|Any CPU
		{C4910885-7EDA-4617-8A6D-E6FE9C9DABC7}.Release|Any CPU.Build.0 = Release|Any CPU
		{78FBC862-6EFA-4165-8CB6-DEE08EE36C31}.Debug|Any CPU.ActiveCfg = Debug|Any CPU
		{78FBC862-6EFA-4165-8CB6-DEE08EE36C31}.Debug|Any CPU.Build.0 = Debug|Any CPU
		{78FBC862-6EFA-4165-8CB6-DEE08EE36C31}.Release|Any CPU.ActiveCfg = Release|Any CPU
		{78FBC862-6EFA-4165-8CB6-DEE08EE36C31}.Release|Any CPU.Build.0 = Release|Any CPU
	EndGlobalSection
	GlobalSection(SolutionProperties) = preSolution
		HideSolutionNode = FALSE
	EndGlobalSection
	GlobalSection(ExtensibilityGlobals) = postSolution
		SolutionGuid = {C4A59AD0-92A7-475D-A3BC-51E982A9C0FA}
	EndGlobalSection
EndGlobal
