
Microsoft Visual Studio Solution File, Format Version 12.00
# Visual Studio Version 17
VisualStudioVersion = 17.8.34309.116
MinimumVisualStudioVersion = 10.0.40219.1
Project("{B842AF40-84F6-4BAE-9468-66B60591747B}") = "FreeLLM", "FreeLLM\FreeLLM.csproj", "{46286673-51EE-4F5B-85AF-C54D010922D7}"
EndProject
Project("{B842AF40-84F6-4BAE-9468-66B60591747B}") = "FreeLLM.Client", "FreeLLM.Client\FreeLLM.Client.csproj", "{32CFF08D-6EB8-4945-82F8-A0340AAFEC7C}"
EndProject
Project("{B842AF40-84F6-4BAE-9468-66B60591747B}") = "FreeLLM.DataAccess", "FreeLLM.DataAccess\FreeLLM.DataAccess.csproj", "{9D8B77C5-BC69-431D-AE8F-876C5AAFD38B}"
EndProject
Project("{B842AF40-84F6-4BAE-9468-66B60591747B}") = "FreeLLM.DataObjects", "FreeLLM.DataObjects\FreeLLM.DataObjects.csproj", "{B19757C1-160A-46D7-8A3F-7375E1F5EEE6}"
EndProject
Project("{B842AF40-84F6-4BAE-9468-66B60591747B}") = "FreeLLM.EFModels", "FreeLLM.EFModels\FreeLLM.EFModels.csproj", "{7FC1D41B-02DF-4E4B-BDC2-A1976EA73781}"
EndProject
Project("{2150E333-8FDC-42A3-9474-1A3956D46DE8}") = "Solution Items", "Solution Items", "{F9E2DD91-2B9F-4E0A-A094-AAC5BF1570BE}"
	ProjectSection(SolutionItems) = preProject
		.editorconfig = .editorconfig
		.gitignore = .gitignore
		LICENSE = LICENSE
		README.md = README.md
		Remove Modules from FreeFreeLLM.exe = Remove Modules from FreeFreeLLM.exe
		Rename FreeFreeLLM.exe = Rename FreeFreeLLM.exe
	EndProjectSection
EndProject
Project("{B842AF40-84F6-4BAE-9468-66B60591747B}") = "FreeLLM.Plugins", "FreeLLM.Plugins\FreeLLM.Plugins.csproj", "{D4A9A8D6-FDC9-4879-AC92-8B923F236731}"
EndProject
Global
	GlobalSection(SolutionConfigurationPlatforms) = preSolution
		Debug|Any CPU = Debug|Any CPU
		Release|Any CPU = Release|Any CPU
	EndGlobalSection
	GlobalSection(ProjectConfigurationPlatforms) = postSolution
		{46286673-51EE-4F5B-85AF-C54D010922D7}.Debug|Any CPU.ActiveCfg = Debug|Any CPU
		{46286673-51EE-4F5B-85AF-C54D010922D7}.Debug|Any CPU.Build.0 = Debug|Any CPU
		{46286673-51EE-4F5B-85AF-C54D010922D7}.Release|Any CPU.ActiveCfg = Release|Any CPU
		{46286673-51EE-4F5B-85AF-C54D010922D7}.Release|Any CPU.Build.0 = Release|Any CPU
		{32CFF08D-6EB8-4945-82F8-A0340AAFEC7C}.Debug|Any CPU.ActiveCfg = Debug|Any CPU
		{32CFF08D-6EB8-4945-82F8-A0340AAFEC7C}.Debug|Any CPU.Build.0 = Debug|Any CPU
		{32CFF08D-6EB8-4945-82F8-A0340AAFEC7C}.Release|Any CPU.ActiveCfg = Release|Any CPU
		{32CFF08D-6EB8-4945-82F8-A0340AAFEC7C}.Release|Any CPU.Build.0 = Release|Any CPU
		{9D8B77C5-BC69-431D-AE8F-876C5AAFD38B}.Debug|Any CPU.ActiveCfg = Debug|Any CPU
		{9D8B77C5-BC69-431D-AE8F-876C5AAFD38B}.Debug|Any CPU.Build.0 = Debug|Any CPU
		{9D8B77C5-BC69-431D-AE8F-876C5AAFD38B}.Release|Any CPU.ActiveCfg = Release|Any CPU
		{9D8B77C5-BC69-431D-AE8F-876C5AAFD38B}.Release|Any CPU.Build.0 = Release|Any CPU
		{B19757C1-160A-46D7-8A3F-7375E1F5EEE6}.Debug|Any CPU.ActiveCfg = Debug|Any CPU
		{B19757C1-160A-46D7-8A3F-7375E1F5EEE6}.Debug|Any CPU.Build.0 = Debug|Any CPU
		{B19757C1-160A-46D7-8A3F-7375E1F5EEE6}.Release|Any CPU.ActiveCfg = Release|Any CPU
		{B19757C1-160A-46D7-8A3F-7375E1F5EEE6}.Release|Any CPU.Build.0 = Release|Any CPU
		{7FC1D41B-02DF-4E4B-BDC2-A1976EA73781}.Debug|Any CPU.ActiveCfg = Debug|Any CPU
		{7FC1D41B-02DF-4E4B-BDC2-A1976EA73781}.Debug|Any CPU.Build.0 = Debug|Any CPU
		{7FC1D41B-02DF-4E4B-BDC2-A1976EA73781}.Release|Any CPU.ActiveCfg = Release|Any CPU
		{7FC1D41B-02DF-4E4B-BDC2-A1976EA73781}.Release|Any CPU.Build.0 = Release|Any CPU
		{D4A9A8D6-FDC9-4879-AC92-8B923F236731}.Debug|Any CPU.ActiveCfg = Debug|Any CPU
		{D4A9A8D6-FDC9-4879-AC92-8B923F236731}.Debug|Any CPU.Build.0 = Debug|Any CPU
		{D4A9A8D6-FDC9-4879-AC92-8B923F236731}.Release|Any CPU.ActiveCfg = Release|Any CPU
		{D4A9A8D6-FDC9-4879-AC92-8B923F236731}.Release|Any CPU.Build.0 = Release|Any CPU
	EndGlobalSection
	GlobalSection(SolutionProperties) = preSolution
		HideSolutionNode = FALSE
	EndGlobalSection
	GlobalSection(ExtensibilityGlobals) = postSolution
		SolutionGuid = {C4A59AD0-92A7-475D-A3BC-51E982A9C0FA}
	EndGlobalSection
EndGlobal
