
Microsoft Visual Studio Solution File, Format Version 12.00
# Visual Studio Version 17
VisualStudioVersion = 17.8.34309.116
MinimumVisualStudioVersion = 10.0.40219.1
Project("{16455EE3-A3D4-4604-BD13-76AE6FE3F8FD}") = "FreeManager", "FreeManager\FreeManager.csproj", "{FA0E30EA-C010-414E-B28A-9FDF6F360BE0}"
EndProject
Project("{16455EE3-A3D4-4604-BD13-76AE6FE3F8FD}") = "FreeManager.Client", "FreeManager.Client\FreeManager.Client.csproj", "{5F9DA34B-B9C1-484E-974C-921D732C840E}"
EndProject
Project("{16455EE3-A3D4-4604-BD13-76AE6FE3F8FD}") = "FreeManager.DataAccess", "FreeManager.DataAccess\FreeManager.DataAccess.csproj", "{C3884F37-5FBC-4220-B946-BAE3DA06B9C5}"
EndProject
Project("{16455EE3-A3D4-4604-BD13-76AE6FE3F8FD}") = "FreeManager.DataObjects", "FreeManager.DataObjects\FreeManager.DataObjects.csproj", "{343CA710-A748-4369-AD73-47FB61E94DB4}"
EndProject
Project("{16455EE3-A3D4-4604-BD13-76AE6FE3F8FD}") = "FreeManager.EFModels", "FreeManager.EFModels\FreeManager.EFModels.csproj", "{4F7825DD-5165-49BA-BD0D-91F6B8DF8C1F}"
EndProject
Project("{2150E333-8FDC-42A3-9474-1A3956D46DE8}") = "Solution Items", "Solution Items", "{E17C28AA-FCE5-4425-BDFA-04390D3FC181}"
	ProjectSection(SolutionItems) = preProject
		.editorconfig = .editorconfig
		.gitignore = .gitignore
		LICENSE = LICENSE
		README.md = README.md
		Remove Modules from FreeFreeManager.exe = Remove Modules from FreeFreeManager.exe
		Rename FreeFreeManager.exe = Rename FreeFreeManager.exe
	EndProjectSection
EndProject
Project("{16455EE3-A3D4-4604-BD13-76AE6FE3F8FD}") = "FreeManager.Plugins", "FreeManager.Plugins\FreeManager.Plugins.csproj", "{0E94EC18-8A64-4F77-B718-8230980F9AA0}"
EndProject
Global
	GlobalSection(SolutionConfigurationPlatforms) = preSolution
		Debug|Any CPU = Debug|Any CPU
		Release|Any CPU = Release|Any CPU
	EndGlobalSection
	GlobalSection(ProjectConfigurationPlatforms) = postSolution
		{FA0E30EA-C010-414E-B28A-9FDF6F360BE0}.Debug|Any CPU.ActiveCfg = Debug|Any CPU
		{FA0E30EA-C010-414E-B28A-9FDF6F360BE0}.Debug|Any CPU.Build.0 = Debug|Any CPU
		{FA0E30EA-C010-414E-B28A-9FDF6F360BE0}.Release|Any CPU.ActiveCfg = Release|Any CPU
		{FA0E30EA-C010-414E-B28A-9FDF6F360BE0}.Release|Any CPU.Build.0 = Release|Any CPU
		{5F9DA34B-B9C1-484E-974C-921D732C840E}.Debug|Any CPU.ActiveCfg = Debug|Any CPU
		{5F9DA34B-B9C1-484E-974C-921D732C840E}.Debug|Any CPU.Build.0 = Debug|Any CPU
		{5F9DA34B-B9C1-484E-974C-921D732C840E}.Release|Any CPU.ActiveCfg = Release|Any CPU
		{5F9DA34B-B9C1-484E-974C-921D732C840E}.Release|Any CPU.Build.0 = Release|Any CPU
		{C3884F37-5FBC-4220-B946-BAE3DA06B9C5}.Debug|Any CPU.ActiveCfg = Debug|Any CPU
		{C3884F37-5FBC-4220-B946-BAE3DA06B9C5}.Debug|Any CPU.Build.0 = Debug|Any CPU
		{C3884F37-5FBC-4220-B946-BAE3DA06B9C5}.Release|Any CPU.ActiveCfg = Release|Any CPU
		{C3884F37-5FBC-4220-B946-BAE3DA06B9C5}.Release|Any CPU.Build.0 = Release|Any CPU
		{343CA710-A748-4369-AD73-47FB61E94DB4}.Debug|Any CPU.ActiveCfg = Debug|Any CPU
		{343CA710-A748-4369-AD73-47FB61E94DB4}.Debug|Any CPU.Build.0 = Debug|Any CPU
		{343CA710-A748-4369-AD73-47FB61E94DB4}.Release|Any CPU.ActiveCfg = Release|Any CPU
		{343CA710-A748-4369-AD73-47FB61E94DB4}.Release|Any CPU.Build.0 = Release|Any CPU
		{4F7825DD-5165-49BA-BD0D-91F6B8DF8C1F}.Debug|Any CPU.ActiveCfg = Debug|Any CPU
		{4F7825DD-5165-49BA-BD0D-91F6B8DF8C1F}.Debug|Any CPU.Build.0 = Debug|Any CPU
		{4F7825DD-5165-49BA-BD0D-91F6B8DF8C1F}.Release|Any CPU.ActiveCfg = Release|Any CPU
		{4F7825DD-5165-49BA-BD0D-91F6B8DF8C1F}.Release|Any CPU.Build.0 = Release|Any CPU
		{0E94EC18-8A64-4F77-B718-8230980F9AA0}.Debug|Any CPU.ActiveCfg = Debug|Any CPU
		{0E94EC18-8A64-4F77-B718-8230980F9AA0}.Debug|Any CPU.Build.0 = Debug|Any CPU
		{0E94EC18-8A64-4F77-B718-8230980F9AA0}.Release|Any CPU.ActiveCfg = Release|Any CPU
		{0E94EC18-8A64-4F77-B718-8230980F9AA0}.Release|Any CPU.Build.0 = Release|Any CPU
	EndGlobalSection
	GlobalSection(SolutionProperties) = preSolution
		HideSolutionNode = FALSE
	EndGlobalSection
	GlobalSection(ExtensibilityGlobals) = postSolution
		SolutionGuid = {C4A59AD0-92A7-475D-A3BC-51E982A9C0FA}
	EndGlobalSection
EndGlobal
