
Microsoft Visual Studio Solution File, Format Version 12.00
# Visual Studio Version 17
VisualStudioVersion = 17.8.34309.116
MinimumVisualStudioVersion = 10.0.40219.1
Project("{1A618AFC-4FD6-460B-AA5F-DC5A4B3DCD07}") = "FreeLLM", "FreeLLM\FreeLLM.csproj", "{742B7371-A1AE-4825-BDFF-363B407696EC}"
EndProject
Project("{1A618AFC-4FD6-460B-AA5F-DC5A4B3DCD07}") = "FreeLLM.Client", "FreeLLM.Client\FreeLLM.Client.csproj", "{793828F9-4C18-4931-B721-DBFA9F790768}"
EndProject
Project("{1A618AFC-4FD6-460B-AA5F-DC5A4B3DCD07}") = "FreeLLM.DataAccess", "FreeLLM.DataAccess\FreeLLM.DataAccess.csproj", "{E1AB40E8-2B70-47DD-ADBF-837F626FA73F}"
EndProject
Project("{1A618AFC-4FD6-460B-AA5F-DC5A4B3DCD07}") = "FreeLLM.DataObjects", "FreeLLM.DataObjects\FreeLLM.DataObjects.csproj", "{37AB6C67-A321-4127-8B65-98DBEAB1DE45}"
EndProject
Project("{1A618AFC-4FD6-460B-AA5F-DC5A4B3DCD07}") = "FreeLLM.EFModels", "FreeLLM.EFModels\FreeLLM.EFModels.csproj", "{AA61166C-182C-4702-8384-CABE95EB5338}"
EndProject
Project("{2150E333-8FDC-42A3-9474-1A3956D46DE8}") = "Solution Items", "Solution Items", "{11B57697-2CBE-4B63-A26B-77B315782865}"
	ProjectSection(SolutionItems) = preProject
		.editorconfig = .editorconfig
		.gitignore = .gitignore
		LICENSE = LICENSE
		README.md = README.md
		Remove Modules from FreeFreeLLM.exe = Remove Modules from FreeFreeLLM.exe
		Rename FreeFreeLLM.exe = Rename FreeFreeLLM.exe
	EndProjectSection
EndProject
Project("{1A618AFC-4FD6-460B-AA5F-DC5A4B3DCD07}") = "FreeLLM.Plugins", "FreeLLM.Plugins\FreeLLM.Plugins.csproj", "{7F383A6F-5DC9-4E42-8DB8-C7BE868B722C}"
EndProject
Global
	GlobalSection(SolutionConfigurationPlatforms) = preSolution
		Debug|Any CPU = Debug|Any CPU
		Release|Any CPU = Release|Any CPU
	EndGlobalSection
	GlobalSection(ProjectConfigurationPlatforms) = postSolution
		{742B7371-A1AE-4825-BDFF-363B407696EC}.Debug|Any CPU.ActiveCfg = Debug|Any CPU
		{742B7371-A1AE-4825-BDFF-363B407696EC}.Debug|Any CPU.Build.0 = Debug|Any CPU
		{742B7371-A1AE-4825-BDFF-363B407696EC}.Release|Any CPU.ActiveCfg = Release|Any CPU
		{742B7371-A1AE-4825-BDFF-363B407696EC}.Release|Any CPU.Build.0 = Release|Any CPU
		{793828F9-4C18-4931-B721-DBFA9F790768}.Debug|Any CPU.ActiveCfg = Debug|Any CPU
		{793828F9-4C18-4931-B721-DBFA9F790768}.Debug|Any CPU.Build.0 = Debug|Any CPU
		{793828F9-4C18-4931-B721-DBFA9F790768}.Release|Any CPU.ActiveCfg = Release|Any CPU
		{793828F9-4C18-4931-B721-DBFA9F790768}.Release|Any CPU.Build.0 = Release|Any CPU
		{E1AB40E8-2B70-47DD-ADBF-837F626FA73F}.Debug|Any CPU.ActiveCfg = Debug|Any CPU
		{E1AB40E8-2B70-47DD-ADBF-837F626FA73F}.Debug|Any CPU.Build.0 = Debug|Any CPU
		{E1AB40E8-2B70-47DD-ADBF-837F626FA73F}.Release|Any CPU.ActiveCfg = Release|Any CPU
		{E1AB40E8-2B70-47DD-ADBF-837F626FA73F}.Release|Any CPU.Build.0 = Release|Any CPU
		{37AB6C67-A321-4127-8B65-98DBEAB1DE45}.Debug|Any CPU.ActiveCfg = Debug|Any CPU
		{37AB6C67-A321-4127-8B65-98DBEAB1DE45}.Debug|Any CPU.Build.0 = Debug|Any CPU
		{37AB6C67-A321-4127-8B65-98DBEAB1DE45}.Release|Any CPU.ActiveCfg = Release|Any CPU
		{37AB6C67-A321-4127-8B65-98DBEAB1DE45}.Release|Any CPU.Build.0 = Release|Any CPU
		{AA61166C-182C-4702-8384-CABE95EB5338}.Debug|Any CPU.ActiveCfg = Debug|Any CPU
		{AA61166C-182C-4702-8384-CABE95EB5338}.Debug|Any CPU.Build.0 = Debug|Any CPU
		{AA61166C-182C-4702-8384-CABE95EB5338}.Release|Any CPU.ActiveCfg = Release|Any CPU
		{AA61166C-182C-4702-8384-CABE95EB5338}.Release|Any CPU.Build.0 = Release|Any CPU
		{7F383A6F-5DC9-4E42-8DB8-C7BE868B722C}.Debug|Any CPU.ActiveCfg = Debug|Any CPU
		{7F383A6F-5DC9-4E42-8DB8-C7BE868B722C}.Debug|Any CPU.Build.0 = Debug|Any CPU
		{7F383A6F-5DC9-4E42-8DB8-C7BE868B722C}.Release|Any CPU.ActiveCfg = Release|Any CPU
		{7F383A6F-5DC9-4E42-8DB8-C7BE868B722C}.Release|Any CPU.Build.0 = Release|Any CPU
	EndGlobalSection
	GlobalSection(SolutionProperties) = preSolution
		HideSolutionNode = FALSE
	EndGlobalSection
	GlobalSection(ExtensibilityGlobals) = postSolution
		SolutionGuid = {C4A59AD0-92A7-475D-A3BC-51E982A9C0FA}
	EndGlobalSection
EndGlobal
