
Microsoft Visual Studio Solution File, Format Version 12.00
# Visual Studio Version 17
VisualStudioVersion = 17.8.34309.116
MinimumVisualStudioVersion = 10.0.40219.1
Project("{5EDB1902-F554-4FA6-90A4-D6333A028583}") = "PJProcessor", "PJProcessor\PJProcessor.csproj", "{4557A4D1-9550-4EEC-831B-EBCFAF664151}"
EndProject
Project("{5EDB1902-F554-4FA6-90A4-D6333A028583}") = "PJProcessor.Client", "PJProcessor.Client\PJProcessor.Client.csproj", "{8D64E33A-8C91-4613-84C0-7751D11337F5}"
EndProject
Project("{5EDB1902-F554-4FA6-90A4-D6333A028583}") = "PJProcessor.DataAccess", "PJProcessor.DataAccess\PJProcessor.DataAccess.csproj", "{7A3B45CF-9403-48B1-988C-39622DF14968}"
EndProject
Project("{5EDB1902-F554-4FA6-90A4-D6333A028583}") = "PJProcessor.DataObjects", "PJProcessor.DataObjects\PJProcessor.DataObjects.csproj", "{98D63E67-115E-4CD8-B139-C608159BD615}"
EndProject
Project("{5EDB1902-F554-4FA6-90A4-D6333A028583}") = "PJProcessor.EFModels", "PJProcessor.EFModels\PJProcessor.EFModels.csproj", "{7CDDB45E-8AE6-4678-AA11-5E1F213C64B5}"
EndProject
Project("{2150E333-8FDC-42A3-9474-1A3956D46DE8}") = "Solution Items", "Solution Items", "{51E3DC4A-53F0-4C7A-BC59-C703695B9A3E}"
	ProjectSection(SolutionItems) = preProject
		.editorconfig = .editorconfig
		.gitignore = .gitignore
		LICENSE = LICENSE
		README.md = README.md
		Remove Modules from FreePJProcessor.exe = Remove Modules from FreePJProcessor.exe
		Rename FreePJProcessor.exe = Rename FreePJProcessor.exe
	EndProjectSection
EndProject
Project("{5EDB1902-F554-4FA6-90A4-D6333A028583}") = "PJProcessor.Plugins", "PJProcessor.Plugins\PJProcessor.Plugins.csproj", "{795C3D19-BE19-4F0C-BF00-E797ACA5BD8A}"
EndProject
Global
	GlobalSection(SolutionConfigurationPlatforms) = preSolution
		Debug|Any CPU = Debug|Any CPU
		Release|Any CPU = Release|Any CPU
	EndGlobalSection
	GlobalSection(ProjectConfigurationPlatforms) = postSolution
		{4557A4D1-9550-4EEC-831B-EBCFAF664151}.Debug|Any CPU.ActiveCfg = Debug|Any CPU
		{4557A4D1-9550-4EEC-831B-EBCFAF664151}.Debug|Any CPU.Build.0 = Debug|Any CPU
		{4557A4D1-9550-4EEC-831B-EBCFAF664151}.Release|Any CPU.ActiveCfg = Release|Any CPU
		{4557A4D1-9550-4EEC-831B-EBCFAF664151}.Release|Any CPU.Build.0 = Release|Any CPU
		{8D64E33A-8C91-4613-84C0-7751D11337F5}.Debug|Any CPU.ActiveCfg = Debug|Any CPU
		{8D64E33A-8C91-4613-84C0-7751D11337F5}.Debug|Any CPU.Build.0 = Debug|Any CPU
		{8D64E33A-8C91-4613-84C0-7751D11337F5}.Release|Any CPU.ActiveCfg = Release|Any CPU
		{8D64E33A-8C91-4613-84C0-7751D11337F5}.Release|Any CPU.Build.0 = Release|Any CPU
		{7A3B45CF-9403-48B1-988C-39622DF14968}.Debug|Any CPU.ActiveCfg = Debug|Any CPU
		{7A3B45CF-9403-48B1-988C-39622DF14968}.Debug|Any CPU.Build.0 = Debug|Any CPU
		{7A3B45CF-9403-48B1-988C-39622DF14968}.Release|Any CPU.ActiveCfg = Release|Any CPU
		{7A3B45CF-9403-48B1-988C-39622DF14968}.Release|Any CPU.Build.0 = Release|Any CPU
		{98D63E67-115E-4CD8-B139-C608159BD615}.Debug|Any CPU.ActiveCfg = Debug|Any CPU
		{98D63E67-115E-4CD8-B139-C608159BD615}.Debug|Any CPU.Build.0 = Debug|Any CPU
		{98D63E67-115E-4CD8-B139-C608159BD615}.Release|Any CPU.ActiveCfg = Release|Any CPU
		{98D63E67-115E-4CD8-B139-C608159BD615}.Release|Any CPU.Build.0 = Release|Any CPU
		{7CDDB45E-8AE6-4678-AA11-5E1F213C64B5}.Debug|Any CPU.ActiveCfg = Debug|Any CPU
		{7CDDB45E-8AE6-4678-AA11-5E1F213C64B5}.Debug|Any CPU.Build.0 = Debug|Any CPU
		{7CDDB45E-8AE6-4678-AA11-5E1F213C64B5}.Release|Any CPU.ActiveCfg = Release|Any CPU
		{7CDDB45E-8AE6-4678-AA11-5E1F213C64B5}.Release|Any CPU.Build.0 = Release|Any CPU
		{795C3D19-BE19-4F0C-BF00-E797ACA5BD8A}.Debug|Any CPU.ActiveCfg = Debug|Any CPU
		{795C3D19-BE19-4F0C-BF00-E797ACA5BD8A}.Debug|Any CPU.Build.0 = Debug|Any CPU
		{795C3D19-BE19-4F0C-BF00-E797ACA5BD8A}.Release|Any CPU.ActiveCfg = Release|Any CPU
		{795C3D19-BE19-4F0C-BF00-E797ACA5BD8A}.Release|Any CPU.Build.0 = Release|Any CPU
	EndGlobalSection
	GlobalSection(SolutionProperties) = preSolution
		HideSolutionNode = FALSE
	EndGlobalSection
	GlobalSection(ExtensibilityGlobals) = postSolution
		SolutionGuid = {C4A59AD0-92A7-475D-A3BC-51E982A9C0FA}
	EndGlobalSection
EndGlobal
