
Microsoft Visual Studio Solution File, Format Version 12.00
# Visual Studio Version 17
VisualStudioVersion = 17.8.34309.116
MinimumVisualStudioVersion = 10.0.40219.1
Project("{AD2E7A52-2C17-401B-90AE-EFC09B78C1F8}") = "PJProcessor", "PJProcessor\PJProcessor.csproj", "{B5F4F800-6556-4BF8-A733-4BC7D0AF190B}"
EndProject
Project("{AD2E7A52-2C17-401B-90AE-EFC09B78C1F8}") = "PJProcessor.Client", "PJProcessor.Client\PJProcessor.Client.csproj", "{1EB2212E-B447-4C2A-9029-B9A4FFBF93FB}"
EndProject
Project("{AD2E7A52-2C17-401B-90AE-EFC09B78C1F8}") = "PJProcessor.DataAccess", "PJProcessor.DataAccess\PJProcessor.DataAccess.csproj", "{552CF0CA-6EF8-4DA0-9CB9-E4633F4F82D0}"
EndProject
Project("{AD2E7A52-2C17-401B-90AE-EFC09B78C1F8}") = "PJProcessor.DataObjects", "PJProcessor.DataObjects\PJProcessor.DataObjects.csproj", "{252252C2-B721-4704-A403-66C2BA201D7E}"
EndProject
Project("{AD2E7A52-2C17-401B-90AE-EFC09B78C1F8}") = "PJProcessor.EFModels", "PJProcessor.EFModels\PJProcessor.EFModels.csproj", "{172BCCBD-D446-4AA7-A200-A4434981304A}"
EndProject
Project("{2150E333-8FDC-42A3-9474-1A3956D46DE8}") = "Solution Items", "Solution Items", "{258BC992-5F46-4739-81C7-7D19D91DCCBB}"
	ProjectSection(SolutionItems) = preProject
		.editorconfig = .editorconfig
		.gitignore = .gitignore
		LICENSE = LICENSE
		README.md = README.md
		Remove Modules from FreePJProcessor.exe = Remove Modules from FreePJProcessor.exe
		Rename FreePJProcessor.exe = Rename FreePJProcessor.exe
	EndProjectSection
EndProject
Project("{AD2E7A52-2C17-401B-90AE-EFC09B78C1F8}") = "PJProcessor.Plugins", "PJProcessor.Plugins\PJProcessor.Plugins.csproj", "{BD3B05C4-B885-4BF1-AFF7-CC04EB4420FA}"
EndProject
Global
	GlobalSection(SolutionConfigurationPlatforms) = preSolution
		Debug|Any CPU = Debug|Any CPU
		Release|Any CPU = Release|Any CPU
	EndGlobalSection
	GlobalSection(ProjectConfigurationPlatforms) = postSolution
		{B5F4F800-6556-4BF8-A733-4BC7D0AF190B}.Debug|Any CPU.ActiveCfg = Debug|Any CPU
		{B5F4F800-6556-4BF8-A733-4BC7D0AF190B}.Debug|Any CPU.Build.0 = Debug|Any CPU
		{B5F4F800-6556-4BF8-A733-4BC7D0AF190B}.Release|Any CPU.ActiveCfg = Release|Any CPU
		{B5F4F800-6556-4BF8-A733-4BC7D0AF190B}.Release|Any CPU.Build.0 = Release|Any CPU
		{1EB2212E-B447-4C2A-9029-B9A4FFBF93FB}.Debug|Any CPU.ActiveCfg = Debug|Any CPU
		{1EB2212E-B447-4C2A-9029-B9A4FFBF93FB}.Debug|Any CPU.Build.0 = Debug|Any CPU
		{1EB2212E-B447-4C2A-9029-B9A4FFBF93FB}.Release|Any CPU.ActiveCfg = Release|Any CPU
		{1EB2212E-B447-4C2A-9029-B9A4FFBF93FB}.Release|Any CPU.Build.0 = Release|Any CPU
		{552CF0CA-6EF8-4DA0-9CB9-E4633F4F82D0}.Debug|Any CPU.ActiveCfg = Debug|Any CPU
		{552CF0CA-6EF8-4DA0-9CB9-E4633F4F82D0}.Debug|Any CPU.Build.0 = Debug|Any CPU
		{552CF0CA-6EF8-4DA0-9CB9-E4633F4F82D0}.Release|Any CPU.ActiveCfg = Release|Any CPU
		{552CF0CA-6EF8-4DA0-9CB9-E4633F4F82D0}.Release|Any CPU.Build.0 = Release|Any CPU
		{252252C2-B721-4704-A403-66C2BA201D7E}.Debug|Any CPU.ActiveCfg = Debug|Any CPU
		{252252C2-B721-4704-A403-66C2BA201D7E}.Debug|Any CPU.Build.0 = Debug|Any CPU
		{252252C2-B721-4704-A403-66C2BA201D7E}.Release|Any CPU.ActiveCfg = Release|Any CPU
		{252252C2-B721-4704-A403-66C2BA201D7E}.Release|Any CPU.Build.0 = Release|Any CPU
		{172BCCBD-D446-4AA7-A200-A4434981304A}.Debug|Any CPU.ActiveCfg = Debug|Any CPU
		{172BCCBD-D446-4AA7-A200-A4434981304A}.Debug|Any CPU.Build.0 = Debug|Any CPU
		{172BCCBD-D446-4AA7-A200-A4434981304A}.Release|Any CPU.ActiveCfg = Release|Any CPU
		{172BCCBD-D446-4AA7-A200-A4434981304A}.Release|Any CPU.Build.0 = Release|Any CPU
		{BD3B05C4-B885-4BF1-AFF7-CC04EB4420FA}.Debug|Any CPU.ActiveCfg = Debug|Any CPU
		{BD3B05C4-B885-4BF1-AFF7-CC04EB4420FA}.Debug|Any CPU.Build.0 = Debug|Any CPU
		{BD3B05C4-B885-4BF1-AFF7-CC04EB4420FA}.Release|Any CPU.ActiveCfg = Release|Any CPU
		{BD3B05C4-B885-4BF1-AFF7-CC04EB4420FA}.Release|Any CPU.Build.0 = Release|Any CPU
	EndGlobalSection
	GlobalSection(SolutionProperties) = preSolution
		HideSolutionNode = FALSE
	EndGlobalSection
	GlobalSection(ExtensibilityGlobals) = postSolution
		SolutionGuid = {C4A59AD0-92A7-475D-A3BC-51E982A9C0FA}
	EndGlobalSection
EndGlobal
