
Microsoft Visual Studio Solution File, Format Version 12.00
# Visual Studio Version 17
VisualStudioVersion = 17.8.34309.116
MinimumVisualStudioVersion = 10.0.40219.1
Project("{199898BD-293E-490A-98F0-A108FB674BF1}") = "PJProcessor", "PJProcessor\PJProcessor.csproj", "{BD625C6A-9E15-4DD5-91C8-CECD2F537C6D}"
EndProject
Project("{199898BD-293E-490A-98F0-A108FB674BF1}") = "PJProcessor.Client", "PJProcessor.Client\PJProcessor.Client.csproj", "{CF8AA23B-E4CF-42AD-B9F7-2F2CCD11D65C}"
EndProject
Project("{199898BD-293E-490A-98F0-A108FB674BF1}") = "PJProcessor.DataAccess", "PJProcessor.DataAccess\PJProcessor.DataAccess.csproj", "{033A5EB2-6C87-4298-811E-3BDE44636BA0}"
EndProject
Project("{199898BD-293E-490A-98F0-A108FB674BF1}") = "PJProcessor.DataObjects", "PJProcessor.DataObjects\PJProcessor.DataObjects.csproj", "{5C654F6C-EB95-4EE8-A97B-C37A70A24BA6}"
EndProject
Project("{199898BD-293E-490A-98F0-A108FB674BF1}") = "PJProcessor.EFModels", "PJProcessor.EFModels\PJProcessor.EFModels.csproj", "{03CAEABE-4715-4F7F-AB55-7BFD94A54175}"
EndProject
Project("{2150E333-8FDC-42A3-9474-1A3956D46DE8}") = "Solution Items", "Solution Items", "{1C18D970-9C78-4AEE-8C95-6637676D9B9A}"
	ProjectSection(SolutionItems) = preProject
		.editorconfig = .editorconfig
		.gitignore = .gitignore
		LICENSE = LICENSE
		README.md = README.md
		Remove Modules from FreePJProcessor.exe = Remove Modules from FreePJProcessor.exe
		Rename FreePJProcessor.exe = Rename FreePJProcessor.exe
	EndProjectSection
EndProject
Project("{199898BD-293E-490A-98F0-A108FB674BF1}") = "PJProcessor.Plugins", "PJProcessor.Plugins\PJProcessor.Plugins.csproj", "{2F8CE264-9D33-4650-9EA8-C0E06D77892E}"
EndProject
Global
	GlobalSection(SolutionConfigurationPlatforms) = preSolution
		Debug|Any CPU = Debug|Any CPU
		Release|Any CPU = Release|Any CPU
	EndGlobalSection
	GlobalSection(ProjectConfigurationPlatforms) = postSolution
		{BD625C6A-9E15-4DD5-91C8-CECD2F537C6D}.Debug|Any CPU.ActiveCfg = Debug|Any CPU
		{BD625C6A-9E15-4DD5-91C8-CECD2F537C6D}.Debug|Any CPU.Build.0 = Debug|Any CPU
		{BD625C6A-9E15-4DD5-91C8-CECD2F537C6D}.Release|Any CPU.ActiveCfg = Release|Any CPU
		{BD625C6A-9E15-4DD5-91C8-CECD2F537C6D}.Release|Any CPU.Build.0 = Release|Any CPU
		{CF8AA23B-E4CF-42AD-B9F7-2F2CCD11D65C}.Debug|Any CPU.ActiveCfg = Debug|Any CPU
		{CF8AA23B-E4CF-42AD-B9F7-2F2CCD11D65C}.Debug|Any CPU.Build.0 = Debug|Any CPU
		{CF8AA23B-E4CF-42AD-B9F7-2F2CCD11D65C}.Release|Any CPU.ActiveCfg = Release|Any CPU
		{CF8AA23B-E4CF-42AD-B9F7-2F2CCD11D65C}.Release|Any CPU.Build.0 = Release|Any CPU
		{033A5EB2-6C87-4298-811E-3BDE44636BA0}.Debug|Any CPU.ActiveCfg = Debug|Any CPU
		{033A5EB2-6C87-4298-811E-3BDE44636BA0}.Debug|Any CPU.Build.0 = Debug|Any CPU
		{033A5EB2-6C87-4298-811E-3BDE44636BA0}.Release|Any CPU.ActiveCfg = Release|Any CPU
		{033A5EB2-6C87-4298-811E-3BDE44636BA0}.Release|Any CPU.Build.0 = Release|Any CPU
		{5C654F6C-EB95-4EE8-A97B-C37A70A24BA6}.Debug|Any CPU.ActiveCfg = Debug|Any CPU
		{5C654F6C-EB95-4EE8-A97B-C37A70A24BA6}.Debug|Any CPU.Build.0 = Debug|Any CPU
		{5C654F6C-EB95-4EE8-A97B-C37A70A24BA6}.Release|Any CPU.ActiveCfg = Release|Any CPU
		{5C654F6C-EB95-4EE8-A97B-C37A70A24BA6}.Release|Any CPU.Build.0 = Release|Any CPU
		{03CAEABE-4715-4F7F-AB55-7BFD94A54175}.Debug|Any CPU.ActiveCfg = Debug|Any CPU
		{03CAEABE-4715-4F7F-AB55-7BFD94A54175}.Debug|Any CPU.Build.0 = Debug|Any CPU
		{03CAEABE-4715-4F7F-AB55-7BFD94A54175}.Release|Any CPU.ActiveCfg = Release|Any CPU
		{03CAEABE-4715-4F7F-AB55-7BFD94A54175}.Release|Any CPU.Build.0 = Release|Any CPU
		{2F8CE264-9D33-4650-9EA8-C0E06D77892E}.Debug|Any CPU.ActiveCfg = Debug|Any CPU
		{2F8CE264-9D33-4650-9EA8-C0E06D77892E}.Debug|Any CPU.Build.0 = Debug|Any CPU
		{2F8CE264-9D33-4650-9EA8-C0E06D77892E}.Release|Any CPU.ActiveCfg = Release|Any CPU
		{2F8CE264-9D33-4650-9EA8-C0E06D77892E}.Release|Any CPU.Build.0 = Release|Any CPU
	EndGlobalSection
	GlobalSection(SolutionProperties) = preSolution
		HideSolutionNode = FALSE
	EndGlobalSection
	GlobalSection(ExtensibilityGlobals) = postSolution
		SolutionGuid = {C4A59AD0-92A7-475D-A3BC-51E982A9C0FA}
	EndGlobalSection
EndGlobal
