
Microsoft Visual Studio Solution File, Format Version 12.00
# Visual Studio Version 17
VisualStudioVersion = 17.8.34309.116
MinimumVisualStudioVersion = 10.0.40219.1
Project("{0849032C-FBD4-43F9-9025-386DD135B01A}") = "Touchpoints", "Touchpoints\Touchpoints.csproj", "{AAC67771-27B1-42BC-BE2A-56271F6590FB}"
EndProject
Project("{0849032C-FBD4-43F9-9025-386DD135B01A}") = "Touchpoints.Client", "Touchpoints.Client\Touchpoints.Client.csproj", "{B7592B86-541F-44D8-A483-8AD29D752EED}"
EndProject
Project("{0849032C-FBD4-43F9-9025-386DD135B01A}") = "Touchpoints.DataAccess", "Touchpoints.DataAccess\Touchpoints.DataAccess.csproj", "{4B91D635-380A-492E-B4C3-93CA1E6418CB}"
EndProject
Project("{0849032C-FBD4-43F9-9025-386DD135B01A}") = "Touchpoints.DataObjects", "Touchpoints.DataObjects\Touchpoints.DataObjects.csproj", "{B8190DD9-F2C1-4097-9BB8-00C7024AA0C9}"
EndProject
Project("{0849032C-FBD4-43F9-9025-386DD135B01A}") = "Touchpoints.EFModels", "Touchpoints.EFModels\Touchpoints.EFModels.csproj", "{CD98AA36-47C7-4B3B-88D2-41CF9F01649D}"
EndProject
Project("{2150E333-8FDC-42A3-9474-1A3956D46DE8}") = "Solution Items", "Solution Items", "{A2EEC8E5-5794-4473-9F00-61AFFD6186B1}"
	ProjectSection(SolutionItems) = preProject
		.editorconfig = .editorconfig
		.gitignore = .gitignore
		LICENSE = LICENSE
		README.md = README.md
		Remove Modules from FreeTouchpoints.exe = Remove Modules from FreeTouchpoints.exe
		Rename FreeTouchpoints.exe = Rename FreeTouchpoints.exe
	EndProjectSection
EndProject
Project("{0849032C-FBD4-43F9-9025-386DD135B01A}") = "Touchpoints.Plugins", "Touchpoints.Plugins\Touchpoints.Plugins.csproj", "{9A4F365C-7A27-4F59-8B5D-2317A3010FA1}"
EndProject
Global
	GlobalSection(SolutionConfigurationPlatforms) = preSolution
		Debug|Any CPU = Debug|Any CPU
		Release|Any CPU = Release|Any CPU
	EndGlobalSection
	GlobalSection(ProjectConfigurationPlatforms) = postSolution
		{AAC67771-27B1-42BC-BE2A-56271F6590FB}.Debug|Any CPU.ActiveCfg = Debug|Any CPU
		{AAC67771-27B1-42BC-BE2A-56271F6590FB}.Debug|Any CPU.Build.0 = Debug|Any CPU
		{AAC67771-27B1-42BC-BE2A-56271F6590FB}.Release|Any CPU.ActiveCfg = Release|Any CPU
		{AAC67771-27B1-42BC-BE2A-56271F6590FB}.Release|Any CPU.Build.0 = Release|Any CPU
		{B7592B86-541F-44D8-A483-8AD29D752EED}.Debug|Any CPU.ActiveCfg = Debug|Any CPU
		{B7592B86-541F-44D8-A483-8AD29D752EED}.Debug|Any CPU.Build.0 = Debug|Any CPU
		{B7592B86-541F-44D8-A483-8AD29D752EED}.Release|Any CPU.ActiveCfg = Release|Any CPU
		{B7592B86-541F-44D8-A483-8AD29D752EED}.Release|Any CPU.Build.0 = Release|Any CPU
		{4B91D635-380A-492E-B4C3-93CA1E6418CB}.Debug|Any CPU.ActiveCfg = Debug|Any CPU
		{4B91D635-380A-492E-B4C3-93CA1E6418CB}.Debug|Any CPU.Build.0 = Debug|Any CPU
		{4B91D635-380A-492E-B4C3-93CA1E6418CB}.Release|Any CPU.ActiveCfg = Release|Any CPU
		{4B91D635-380A-492E-B4C3-93CA1E6418CB}.Release|Any CPU.Build.0 = Release|Any CPU
		{B8190DD9-F2C1-4097-9BB8-00C7024AA0C9}.Debug|Any CPU.ActiveCfg = Debug|Any CPU
		{B8190DD9-F2C1-4097-9BB8-00C7024AA0C9}.Debug|Any CPU.Build.0 = Debug|Any CPU
		{B8190DD9-F2C1-4097-9BB8-00C7024AA0C9}.Release|Any CPU.ActiveCfg = Release|Any CPU
		{B8190DD9-F2C1-4097-9BB8-00C7024AA0C9}.Release|Any CPU.Build.0 = Release|Any CPU
		{CD98AA36-47C7-4B3B-88D2-41CF9F01649D}.Debug|Any CPU.ActiveCfg = Debug|Any CPU
		{CD98AA36-47C7-4B3B-88D2-41CF9F01649D}.Debug|Any CPU.Build.0 = Debug|Any CPU
		{CD98AA36-47C7-4B3B-88D2-41CF9F01649D}.Release|Any CPU.ActiveCfg = Release|Any CPU
		{CD98AA36-47C7-4B3B-88D2-41CF9F01649D}.Release|Any CPU.Build.0 = Release|Any CPU
		{9A4F365C-7A27-4F59-8B5D-2317A3010FA1}.Debug|Any CPU.ActiveCfg = Debug|Any CPU
		{9A4F365C-7A27-4F59-8B5D-2317A3010FA1}.Debug|Any CPU.Build.0 = Debug|Any CPU
		{9A4F365C-7A27-4F59-8B5D-2317A3010FA1}.Release|Any CPU.ActiveCfg = Release|Any CPU
		{9A4F365C-7A27-4F59-8B5D-2317A3010FA1}.Release|Any CPU.Build.0 = Release|Any CPU
	EndGlobalSection
	GlobalSection(SolutionProperties) = preSolution
		HideSolutionNode = FALSE
	EndGlobalSection
	GlobalSection(ExtensibilityGlobals) = postSolution
		SolutionGuid = {C4A59AD0-92A7-475D-A3BC-51E982A9C0FA}
	EndGlobalSection
EndGlobal
