
Microsoft Visual Studio Solution File, Format Version 12.00
# Visual Studio Version 17
VisualStudioVersion = 17.8.34309.116
MinimumVisualStudioVersion = 10.0.40219.1
Project("{5D64104D-9FAF-401F-9499-46AD46DDEB30}") = "Touchpoints", "Touchpoints\Touchpoints.csproj", "{D328F58B-1301-4D12-A27D-DE7790C4DD17}"
EndProject
Project("{5D64104D-9FAF-401F-9499-46AD46DDEB30}") = "Touchpoints.Client", "Touchpoints.Client\Touchpoints.Client.csproj", "{00211E14-8BD1-4C83-A079-7F1831CE1F3D}"
EndProject
Project("{5D64104D-9FAF-401F-9499-46AD46DDEB30}") = "Touchpoints.DataAccess", "Touchpoints.DataAccess\Touchpoints.DataAccess.csproj", "{B262A21F-9351-421E-8CBF-8E92EDA65F71}"
EndProject
Project("{5D64104D-9FAF-401F-9499-46AD46DDEB30}") = "Touchpoints.DataObjects", "Touchpoints.DataObjects\Touchpoints.DataObjects.csproj", "{ADB9C6E8-2E87-488E-9F59-E910C957DE60}"
EndProject
Project("{5D64104D-9FAF-401F-9499-46AD46DDEB30}") = "Touchpoints.EFModels", "Touchpoints.EFModels\Touchpoints.EFModels.csproj", "{378B0964-757A-450C-BD04-41D681EACFF4}"
EndProject
Project("{2150E333-8FDC-42A3-9474-1A3956D46DE8}") = "Solution Items", "Solution Items", "{E04DE032-6492-44E5-8930-4ED2BC36ABA9}"
	ProjectSection(SolutionItems) = preProject
		.editorconfig = .editorconfig
		.gitignore = .gitignore
		LICENSE = LICENSE
		README.md = README.md
		Remove Modules from FreeTouchpoints.exe = Remove Modules from FreeTouchpoints.exe
		Rename FreeTouchpoints.exe = Rename FreeTouchpoints.exe
	EndProjectSection
EndProject
Project("{5D64104D-9FAF-401F-9499-46AD46DDEB30}") = "Touchpoints.Plugins", "Touchpoints.Plugins\Touchpoints.Plugins.csproj", "{2756B60F-DCA1-4B21-BB01-47F5ECB816F0}"
EndProject
Global
	GlobalSection(SolutionConfigurationPlatforms) = preSolution
		Debug|Any CPU = Debug|Any CPU
		Release|Any CPU = Release|Any CPU
	EndGlobalSection
	GlobalSection(ProjectConfigurationPlatforms) = postSolution
		{D328F58B-1301-4D12-A27D-DE7790C4DD17}.Debug|Any CPU.ActiveCfg = Debug|Any CPU
		{D328F58B-1301-4D12-A27D-DE7790C4DD17}.Debug|Any CPU.Build.0 = Debug|Any CPU
		{D328F58B-1301-4D12-A27D-DE7790C4DD17}.Release|Any CPU.ActiveCfg = Release|Any CPU
		{D328F58B-1301-4D12-A27D-DE7790C4DD17}.Release|Any CPU.Build.0 = Release|Any CPU
		{00211E14-8BD1-4C83-A079-7F1831CE1F3D}.Debug|Any CPU.ActiveCfg = Debug|Any CPU
		{00211E14-8BD1-4C83-A079-7F1831CE1F3D}.Debug|Any CPU.Build.0 = Debug|Any CPU
		{00211E14-8BD1-4C83-A079-7F1831CE1F3D}.Release|Any CPU.ActiveCfg = Release|Any CPU
		{00211E14-8BD1-4C83-A079-7F1831CE1F3D}.Release|Any CPU.Build.0 = Release|Any CPU
		{B262A21F-9351-421E-8CBF-8E92EDA65F71}.Debug|Any CPU.ActiveCfg = Debug|Any CPU
		{B262A21F-9351-421E-8CBF-8E92EDA65F71}.Debug|Any CPU.Build.0 = Debug|Any CPU
		{B262A21F-9351-421E-8CBF-8E92EDA65F71}.Release|Any CPU.ActiveCfg = Release|Any CPU
		{B262A21F-9351-421E-8CBF-8E92EDA65F71}.Release|Any CPU.Build.0 = Release|Any CPU
		{ADB9C6E8-2E87-488E-9F59-E910C957DE60}.Debug|Any CPU.ActiveCfg = Debug|Any CPU
		{ADB9C6E8-2E87-488E-9F59-E910C957DE60}.Debug|Any CPU.Build.0 = Debug|Any CPU
		{ADB9C6E8-2E87-488E-9F59-E910C957DE60}.Release|Any CPU.ActiveCfg = Release|Any CPU
		{ADB9C6E8-2E87-488E-9F59-E910C957DE60}.Release|Any CPU.Build.0 = Release|Any CPU
		{378B0964-757A-450C-BD04-41D681EACFF4}.Debug|Any CPU.ActiveCfg = Debug|Any CPU
		{378B0964-757A-450C-BD04-41D681EACFF4}.Debug|Any CPU.Build.0 = Debug|Any CPU
		{378B0964-757A-450C-BD04-41D681EACFF4}.Release|Any CPU.ActiveCfg = Release|Any CPU
		{378B0964-757A-450C-BD04-41D681EACFF4}.Release|Any CPU.Build.0 = Release|Any CPU
		{2756B60F-DCA1-4B21-BB01-47F5ECB816F0}.Debug|Any CPU.ActiveCfg = Debug|Any CPU
		{2756B60F-DCA1-4B21-BB01-47F5ECB816F0}.Debug|Any CPU.Build.0 = Debug|Any CPU
		{2756B60F-DCA1-4B21-BB01-47F5ECB816F0}.Release|Any CPU.ActiveCfg = Release|Any CPU
		{2756B60F-DCA1-4B21-BB01-47F5ECB816F0}.Release|Any CPU.Build.0 = Release|Any CPU
	EndGlobalSection
	GlobalSection(SolutionProperties) = preSolution
		HideSolutionNode = FALSE
	EndGlobalSection
	GlobalSection(ExtensibilityGlobals) = postSolution
		SolutionGuid = {C4A59AD0-92A7-475D-A3BC-51E982A9C0FA}
	EndGlobalSection
EndGlobal
